
Microsoft Visual Studio Solution File, Format Version 12.00
# Visual Studio Version 17
VisualStudioVersion = 17.10.35027.167
MinimumVisualStudioVersion = 10.0.40219.1
Project("{FAE04EC0-301F-11D3-BF4B-00C04F79EFBC}") = "Adapter", "BaiTap1\Adapter.csproj", "{31E6601E-874B-4548-BCF7-17FAD3EDCA89}"
EndProject
Project("{FAE04EC0-301F-11D3-BF4B-00C04F79EFBC}") = "Bridge", "Bridge\Bridge.csproj", "{FE38B5A0-1D2E-4F8C-8D5C-57D373BD6DF7}"
EndProject
Project("{FAE04EC0-301F-11D3-BF4B-00C04F79EFBC}") = "Composite", "Composite\Composite.csproj", "{3E1B4B06-CF89-4F16-9270-15B32802E911}"
EndProject
Project("{FAE04EC0-301F-11D3-BF4B-00C04F79EFBC}") = "Decorator", "Decorator\Decorator.csproj", "{3201AF17-9A74-4FC9-8DA2-10067DC6CA86}"
EndProject
Project("{FAE04EC0-301F-11D3-BF4B-00C04F79EFBC}") = "Facade", "Facade\Facade.csproj", "{CE7C8935-4897-4E7E-AD70-0BA16DCF0235}"
EndProject
Project("{FAE04EC0-301F-11D3-BF4B-00C04F79EFBC}") = "Flyweight", "Flyweight\Flyweight.csproj", "{62BB42FB-3801-4C75-A5A0-E6CE9E4E2CF8}"
EndProject
Project("{FAE04EC0-301F-11D3-BF4B-00C04F79EFBC}") = "Proxy", "Proxy\Proxy.csproj", "{92A28CF2-A9F6-487F-BA72-B6827686E2A3}"
EndProject
Global
	GlobalSection(SolutionConfigurationPlatforms) = preSolution
		Debug|Any CPU = Debug|Any CPU
		Release|Any CPU = Release|Any CPU
	EndGlobalSection
	GlobalSection(ProjectConfigurationPlatforms) = postSolution
		{31E6601E-874B-4548-BCF7-17FAD3EDCA89}.Debug|Any CPU.ActiveCfg = Debug|Any CPU
		{31E6601E-874B-4548-BCF7-17FAD3EDCA89}.Debug|Any CPU.Build.0 = Debug|Any CPU
		{31E6601E-874B-4548-BCF7-17FAD3EDCA89}.Release|Any CPU.ActiveCfg = Release|Any CPU
		{31E6601E-874B-4548-BCF7-17FAD3EDCA89}.Release|Any CPU.Build.0 = Release|Any CPU
		{FE38B5A0-1D2E-4F8C-8D5C-57D373BD6DF7}.Debug|Any CPU.ActiveCfg = Debug|Any CPU
		{FE38B5A0-1D2E-4F8C-8D5C-57D373BD6DF7}.Debug|Any CPU.Build.0 = Debug|Any CPU
		{FE38B5A0-1D2E-4F8C-8D5C-57D373BD6DF7}.Release|Any CPU.ActiveCfg = Release|Any CPU
		{FE38B5A0-1D2E-4F8C-8D5C-57D373BD6DF7}.Release|Any CPU.Build.0 = Release|Any CPU
		{3E1B4B06-CF89-4F16-9270-15B32802E911}.Debug|Any CPU.ActiveCfg = Debug|Any CPU
		{3E1B4B06-CF89-4F16-9270-15B32802E911}.Debug|Any CPU.Build.0 = Debug|Any CPU
		{3E1B4B06-CF89-4F16-9270-15B32802E911}.Release|Any CPU.ActiveCfg = Release|Any CPU
		{3E1B4B06-CF89-4F16-9270-15B32802E911}.Release|Any CPU.Build.0 = Release|Any CPU
		{3201AF17-9A74-4FC9-8DA2-10067DC6CA86}.Debug|Any CPU.ActiveCfg = Debug|Any CPU
		{3201AF17-9A74-4FC9-8DA2-10067DC6CA86}.Debug|Any CPU.Build.0 = Debug|Any CPU
		{3201AF17-9A74-4FC9-8DA2-10067DC6CA86}.Release|Any CPU.ActiveCfg = Release|Any CPU
		{3201AF17-9A74-4FC9-8DA2-10067DC6CA86}.Release|Any CPU.Build.0 = Release|Any CPU
		{CE7C8935-4897-4E7E-AD70-0BA16DCF0235}.Debug|Any CPU.ActiveCfg = Debug|Any CPU
		{CE7C8935-4897-4E7E-AD70-0BA16DCF0235}.Debug|Any CPU.Build.0 = Debug|Any CPU
		{CE7C8935-4897-4E7E-AD70-0BA16DCF0235}.Release|Any CPU.ActiveCfg = Release|Any CPU
		{CE7C8935-4897-4E7E-AD70-0BA16DCF0235}.Release|Any CPU.Build.0 = Release|Any CPU
		{62BB42FB-3801-4C75-A5A0-E6CE9E4E2CF8}.Debug|Any CPU.ActiveCfg = Debug|Any CPU
		{62BB42FB-3801-4C75-A5A0-E6CE9E4E2CF8}.Debug|Any CPU.Build.0 = Debug|Any CPU
		{62BB42FB-3801-4C75-A5A0-E6CE9E4E2CF8}.Release|Any CPU.ActiveCfg = Release|Any CPU
		{62BB42FB-3801-4C75-A5A0-E6CE9E4E2CF8}.Release|Any CPU.Build.0 = Release|Any CPU
		{92A28CF2-A9F6-487F-BA72-B6827686E2A3}.Debug|Any CPU.ActiveCfg = Debug|Any CPU
		{92A28CF2-A9F6-487F-BA72-B6827686E2A3}.Debug|Any CPU.Build.0 = Debug|Any CPU
		{92A28CF2-A9F6-487F-BA72-B6827686E2A3}.Release|Any CPU.ActiveCfg = Release|Any CPU
		{92A28CF2-A9F6-487F-BA72-B6827686E2A3}.Release|Any CPU.Build.0 = Release|Any CPU
	EndGlobalSection
	GlobalSection(SolutionProperties) = preSolution
		HideSolutionNode = FALSE
	EndGlobalSection
	GlobalSection(ExtensibilityGlobals) = postSolution
		SolutionGuid = {1A293EDB-0933-4C54-8762-BA38E63929C2}
	EndGlobalSection
EndGlobal
