
Microsoft Visual Studio Solution File, Format Version 12.00
# Visual Studio Version 17
VisualStudioVersion = 17.10.35027.167
MinimumVisualStudioVersion = 10.0.40219.1
Project("{FAE04EC0-301F-11D3-BF4B-00C04F79EFBC}") = "BaiTap1", "BaiTap1\BaiTap1.csproj", "{31E6601E-874B-4548-BCF7-17FAD3EDCA89}"
EndProject
Global
	GlobalSection(SolutionConfigurationPlatforms) = preSolution
		Debug|Any CPU = Debug|Any CPU
		Release|Any CPU = Release|Any CPU
	EndGlobalSection
	GlobalSection(ProjectConfigurationPlatforms) = postSolution
		{31E6601E-874B-4548-BCF7-17FAD3EDCA89}.Debug|Any CPU.ActiveCfg = Debug|Any CPU
		{31E6601E-874B-4548-BCF7-17FAD3EDCA89}.Debug|Any CPU.Build.0 = Debug|Any CPU
		{31E6601E-874B-4548-BCF7-17FAD3EDCA89}.Release|Any CPU.ActiveCfg = Release|Any CPU
		{31E6601E-874B-4548-BCF7-17FAD3EDCA89}.Release|Any CPU.Build.0 = Release|Any CPU
	EndGlobalSection
	GlobalSection(SolutionProperties) = preSolution
		HideSolutionNode = FALSE
	EndGlobalSection
	GlobalSection(ExtensibilityGlobals) = postSolution
		SolutionGuid = {1A293EDB-0933-4C54-8762-BA38E63929C2}
	EndGlobalSection
EndGlobal
